{
    "codercat/jwk-to-pem": {
        "version": "0.0.3"
    },
    "defuse/php-encryption": {
        "version": "v2.2.1"
    },
    "lcobucci/jwt": {
        "version": "3.3.3"
    },
    "league/event": {
        "version": "2.2.0"
    },
    "league/oauth2-server": {
        "version": "8.1.1"
    },
    "nyholm/psr7": {
        "version": "1.0",
        "recipe": {
            "repo": "github.com/symfony/recipes",
            "branch": "master",
            "version": "1.0",
            "ref": "7c0a9352a57376f04f5444e74565102c3a23d0c7"
        },
        "files": [
            "config/packages/nyholm_psr7.yaml"
        ]
    },
    "oat-sa/bundle-lti1p3": {
        "version": "3.0",
        "recipe": {
            "repo": "github.com/symfony/recipes-contrib",
            "branch": "master",
            "version": "3.0",
            "ref": "e1ec0b6f09e58b894d9703e85d5da709344a2ab5"
        },
        "files": [
            "config/packages/lti1p3.yaml",
            "config/routes/lti1p3.yaml"
        ]
    },
    "oat-sa/lib-lti1p3-core": {
        "version": "3.1.1"
    },
    "php-http/message-factory": {
        "version": "v1.0.2"
    },
    "phpseclib/phpseclib": {
        "version": "2.0.29"
    },
    "psr/http-factory": {
        "version": "1.0.1"
    },
    "psr/http-server-handler": {
        "version": "1.0.1"
    },
    "symfony/psr-http-message-bridge": {
        "version": "v2.0.2"
    }
}
